
Microsoft Visual Studio Solution File, Format Version 12.00
# Visual Studio 2013
VisualStudioVersion = 12.0.0.0
MinimumVisualStudioVersion = 10.0.0.1
Project("{FAE04EC0-301F-11D3-BF4B-00C04F79EFBC}") = "Task1", "Task1\Task1.csproj", "{86573873-BE23-4B91-AA9E-D90AD4AEB8BC}"
EndProject
Project("{FAE04EC0-301F-11D3-BF4B-00C04F79EFBC}") = "Task2", "Task2\Task2.csproj", "{C49DACE7-72CC-402A-8D0E-B2D69E77B790}"
EndProject
Global
	GlobalSection(SolutionConfigurationPlatforms) = preSolution
		Debug|Any CPU = Debug|Any CPU
		Release|Any CPU = Release|Any CPU
	EndGlobalSection
	GlobalSection(ProjectConfigurationPlatforms) = postSolution
		{86573873-BE23-4B91-AA9E-D90AD4AEB8BC}.Debug|Any CPU.ActiveCfg = Debug|Any CPU
		{86573873-BE23-4B91-AA9E-D90AD4AEB8BC}.Debug|Any CPU.Build.0 = Debug|Any CPU
		{86573873-BE23-4B91-AA9E-D90AD4AEB8BC}.Release|Any CPU.ActiveCfg = Release|Any CPU
		{86573873-BE23-4B91-AA9E-D90AD4AEB8BC}.Release|Any CPU.Build.0 = Release|Any CPU
		{C49DACE7-72CC-402A-8D0E-B2D69E77B790}.Debug|Any CPU.ActiveCfg = Debug|Any CPU
		{C49DACE7-72CC-402A-8D0E-B2D69E77B790}.Debug|Any CPU.Build.0 = Debug|Any CPU
		{C49DACE7-72CC-402A-8D0E-B2D69E77B790}.Release|Any CPU.ActiveCfg = Release|Any CPU
		{C49DACE7-72CC-402A-8D0E-B2D69E77B790}.Release|Any CPU.Build.0 = Release|Any CPU
	EndGlobalSection
	GlobalSection(SolutionProperties) = preSolution
		HideSolutionNode = FALSE
	EndGlobalSection
EndGlobal
